<?xml version="1.0" encoding="UTF-8" standalone="yes" ?>
<CodeBlocks_project_file>
	<FileVersion major="1" minor="6" />
	<Project>
		<Option title="KeyStriker" />
		<Option pch_mode="2" />
		<Option compiler="gcc" />
		<Build>
			<Target title="Debug">
				<Option output="bin/Debug/KeyStriker" prefix_auto="1" extension_auto="1" />
				<Option object_output="obj/Debug/" />
				<Option type="1" />
				<Option compiler="gcc" />
				<Compiler>
					<Add option="-O1" />
					<Add option="-Wmain" />
					<Add option="-Wcomment" />
					<Add option="-Wformat=2" />
					<Add option="-Wimplicit-int" />
					<Add option="-Werror-implicit-function-declaration" />
					<Add option="-Wparentheses" />
					<Add option="-Wsequence-point" />
					<Add option="-Wreturn-type" />
					<Add option="-Wswitch" />
					<Add option="-Wtrigraphs" />
					<Add option="-Wunused" />
					<Add option="-Wuninitialized" />
					<Add option="-Wunknown-pragmas" />
					<Add option="-Wfloat-equal" />
					<Add option="-Wundef" />
					<Add option="-Wshadow" />
					<Add option="-Wpointer-arith" />
					<Add option="-Wbad-function-cast" />
					<Add option="-Wwrite-strings" />
					<Add option="-Wconversion" />
					<Add option="-Wsign-compare" />
					<Add option="-Waggregate-return" />
					<Add option="-Wstrict-prototypes" />
					<Add option="-Wmissing-prototypes" />
					<Add option="-Wmissing-declarations" />
					<Add option="-Wmissing-noreturn" />
					<Add option="-Wpacked" />
					<Add option="-Wredundant-decls" />
					<Add option="-Wnested-externs" />
					<Add option="-Winline -Wlong-long" />
				</Compiler>
			</Target>
			<Target title="Release">
				<Option output="bin/Release/KeyStriker" prefix_auto="1" extension_auto="1" />
				<Option object_output="obj/Release/" />
				<Option type="1" />
				<Option compiler="gcc" />
				<Compiler>
					<Add option="-O1" />
					<Add option="-Wmain" />
					<Add option="-Wcomment" />
					<Add option="-Wformat=2" />
					<Add option="-Wimplicit-int" />
					<Add option="-Werror-implicit-function-declaration" />
					<Add option="-Wparentheses" />
					<Add option="-Wsequence-point" />
					<Add option="-Wreturn-type" />
					<Add option="-Wswitch" />
					<Add option="-Wtrigraphs" />
					<Add option="-Wunused" />
					<Add option="-Wuninitialized" />
					<Add option="-Wunknown-pragmas" />
					<Add option="-Wfloat-equal" />
					<Add option="-Wundef" />
					<Add option="-Wshadow" />
					<Add option="-Wpointer-arith" />
					<Add option="-Wbad-function-cast" />
					<Add option="-Wwrite-strings" />
					<Add option="-Wconversion" />
					<Add option="-Wsign-compare" />
					<Add option="-Waggregate-return" />
					<Add option="-Wstrict-prototypes" />
					<Add option="-Wmissing-prototypes" />
					<Add option="-Wmissing-declarations" />
					<Add option="-Wmissing-noreturn" />
					<Add option="-Wpacked" />
					<Add option="-Wredundant-decls" />
					<Add option="-Wnested-externs" />
					<Add option="-Winline -Wlong-long" />
				</Compiler>
			</Target>
		</Build>
		<Compiler>
			<Add option="-O1" />
			<Add option="-Wmain" />
			<Add option="-Wcomment" />
			<Add option="-Wformat=2" />
			<Add option="-Wimplicit-int" />
			<Add option="-Werror-implicit-function-declaration" />
			<Add option="-Wparentheses" />
			<Add option="-Wsequence-point" />
			<Add option="-Wreturn-type" />
			<Add option="-Wswitch" />
			<Add option="-Wtrigraphs" />
			<Add option="-Wunused" />
			<Add option="-Wuninitialized" />
			<Add option="-Wunknown-pragmas" />
			<Add option="-Wfloat-equal" />
			<Add option="-Wundef" />
			<Add option="-Wshadow" />
			<Add option="-Wpointer-arith" />
			<Add option="-Wbad-function-cast" />
			<Add option="-Wwrite-strings" />
			<Add option="-Wconversion" />
			<Add option="-Wsign-compare" />
			<Add option="-Waggregate-return" />
			<Add option="-Wstrict-prototypes" />
			<Add option="-Wmissing-prototypes" />
			<Add option="-Wmissing-declarations" />
			<Add option="-Wmissing-noreturn" />
			<Add option="-Wpacked" />
			<Add option="-Wredundant-decls" />
			<Add option="-Wnested-externs" />
			<Add option="-Winline -Wlong-long" />
		</Compiler>
		<Unit filename="includes/keylogger.h" />
		<Unit filename="includes/utils.h" />
		<Unit filename="src/keylogger.c">
			<Option compilerVar="CC" />
		</Unit>
		<Unit filename="src/main.c">
			<Option compilerVar="CC" />
		</Unit>
		<Unit filename="src/utils.c">
			<Option compilerVar="CC" />
		</Unit>
		<Extensions>
			<code_completion />
			<envvars />
			<lib_finder disable_auto="1" />
			<debugger />
		</Extensions>
	</Project>
</CodeBlocks_project_file>
